
Microsoft Visual Studio Solution File, Format Version 12.00
# Visual Studio 2013
VisualStudioVersion = 12.0.31101.0
MinimumVisualStudioVersion = 10.0.40219.1
Project("{FAE04EC0-301F-11D3-BF4B-00C04F79EFBC}") = "TwitterBackup.Client", "TwitterBackup.Client\TwitterBackup.Client.csproj", "{EFB47192-3280-4594-AFA7-2803554D638E}"
EndProject
Project("{FAE04EC0-301F-11D3-BF4B-00C04F79EFBC}") = "TwitterBackup.Web", "TwitterBackup.Web\TwitterBackup.Web.csproj", "{EC86386B-F29B-45A9-9D17-8FF901069AC0}"
EndProject
Project("{FAE04EC0-301F-11D3-BF4B-00C04F79EFBC}") = "TwitterBackup.Web.Tests", "TwitterBackup.Web.Tests\TwitterBackup.Web.Tests.csproj", "{EE82B9F1-1E39-42C3-8002-F03AB52C265F}"
EndProject
Project("{2150E333-8FDC-42A3-9474-1A3956D46DE8}") = ".nuget", ".nuget", "{CC889463-6C65-4EA2-89B7-B277AAB2C68D}"
	ProjectSection(SolutionItems) = preProject
		.nuget\NuGet.Config = .nuget\NuGet.Config
		.nuget\NuGet.exe = .nuget\NuGet.exe
		.nuget\NuGet.targets = .nuget\NuGet.targets
	EndProjectSection
EndProject
Project("{2150E333-8FDC-42A3-9474-1A3956D46DE8}") = "Data", "Data", "{B925E27A-4597-47B5-AFFB-0F9E5006CE1F}"
EndProject
Project("{FAE04EC0-301F-11D3-BF4B-00C04F79EFBC}") = "TwitterBackup.Data", "TwitterBackup.Data\TwitterBackup.Data.csproj", "{0B38639B-DDEE-43E3-B74C-CA65D2F33C5B}"
EndProject
Project("{FAE04EC0-301F-11D3-BF4B-00C04F79EFBC}") = "TwitterBackup.Models", "TwitterBackup.Models\TwitterBackup.Models.csproj", "{4287B647-9FC6-483B-B224-B855389F19F8}"
EndProject
Project("{FAE04EC0-301F-11D3-BF4B-00C04F79EFBC}") = "TwitterBackup.Services", "TwitterBackup.Services\TwitterBackup.Services.csproj", "{162C2EFD-E963-4AF8-8D05-70124BBB8364}"
EndProject
Global
	GlobalSection(SolutionConfigurationPlatforms) = preSolution
		Debug|Any CPU = Debug|Any CPU
		Release|Any CPU = Release|Any CPU
	EndGlobalSection
	GlobalSection(ProjectConfigurationPlatforms) = postSolution
		{EFB47192-3280-4594-AFA7-2803554D638E}.Debug|Any CPU.ActiveCfg = Debug|Any CPU
		{EFB47192-3280-4594-AFA7-2803554D638E}.Debug|Any CPU.Build.0 = Debug|Any CPU
		{EFB47192-3280-4594-AFA7-2803554D638E}.Release|Any CPU.ActiveCfg = Release|Any CPU
		{EFB47192-3280-4594-AFA7-2803554D638E}.Release|Any CPU.Build.0 = Release|Any CPU
		{EC86386B-F29B-45A9-9D17-8FF901069AC0}.Debug|Any CPU.ActiveCfg = Debug|Any CPU
		{EC86386B-F29B-45A9-9D17-8FF901069AC0}.Debug|Any CPU.Build.0 = Debug|Any CPU
		{EC86386B-F29B-45A9-9D17-8FF901069AC0}.Release|Any CPU.ActiveCfg = Release|Any CPU
		{EC86386B-F29B-45A9-9D17-8FF901069AC0}.Release|Any CPU.Build.0 = Release|Any CPU
		{EE82B9F1-1E39-42C3-8002-F03AB52C265F}.Debug|Any CPU.ActiveCfg = Debug|Any CPU
		{EE82B9F1-1E39-42C3-8002-F03AB52C265F}.Debug|Any CPU.Build.0 = Debug|Any CPU
		{EE82B9F1-1E39-42C3-8002-F03AB52C265F}.Release|Any CPU.ActiveCfg = Release|Any CPU
		{EE82B9F1-1E39-42C3-8002-F03AB52C265F}.Release|Any CPU.Build.0 = Release|Any CPU
		{0B38639B-DDEE-43E3-B74C-CA65D2F33C5B}.Debug|Any CPU.ActiveCfg = Debug|Any CPU
		{0B38639B-DDEE-43E3-B74C-CA65D2F33C5B}.Debug|Any CPU.Build.0 = Debug|Any CPU
		{0B38639B-DDEE-43E3-B74C-CA65D2F33C5B}.Release|Any CPU.ActiveCfg = Release|Any CPU
		{0B38639B-DDEE-43E3-B74C-CA65D2F33C5B}.Release|Any CPU.Build.0 = Release|Any CPU
		{4287B647-9FC6-483B-B224-B855389F19F8}.Debug|Any CPU.ActiveCfg = Debug|Any CPU
		{4287B647-9FC6-483B-B224-B855389F19F8}.Debug|Any CPU.Build.0 = Debug|Any CPU
		{4287B647-9FC6-483B-B224-B855389F19F8}.Release|Any CPU.ActiveCfg = Release|Any CPU
		{4287B647-9FC6-483B-B224-B855389F19F8}.Release|Any CPU.Build.0 = Release|Any CPU
		{162C2EFD-E963-4AF8-8D05-70124BBB8364}.Debug|Any CPU.ActiveCfg = Debug|Any CPU
		{162C2EFD-E963-4AF8-8D05-70124BBB8364}.Debug|Any CPU.Build.0 = Debug|Any CPU
		{162C2EFD-E963-4AF8-8D05-70124BBB8364}.Release|Any CPU.ActiveCfg = Release|Any CPU
		{162C2EFD-E963-4AF8-8D05-70124BBB8364}.Release|Any CPU.Build.0 = Release|Any CPU
	EndGlobalSection
	GlobalSection(SolutionProperties) = preSolution
		HideSolutionNode = FALSE
	EndGlobalSection
	GlobalSection(NestedProjects) = preSolution
		{0B38639B-DDEE-43E3-B74C-CA65D2F33C5B} = {B925E27A-4597-47B5-AFFB-0F9E5006CE1F}
		{4287B647-9FC6-483B-B224-B855389F19F8} = {B925E27A-4597-47B5-AFFB-0F9E5006CE1F}
	EndGlobalSection
EndGlobal
